<?xml version="1.0" encoding="utf-8"?>
<Project ToolsVersion="4.0" xmlns="http://schemas.microsoft.com/developer/msbuild/2003">
  <ItemGroup>
    <Filter Include="Source Files">
      <UniqueIdentifier>{4FC737F1-C7A5-4376-A066-2A32D752A2FF}</UniqueIdentifier>
      <Extensions>cpp;c;cc;cxx;def;odl;idl;hpj;bat;asm;asmx</Extensions>
    </Filter>
    <Filter Include="Header Files">
      <UniqueIdentifier>{93995380-89BD-4b04-88EB-625FBE52EBFB}</UniqueIdentifier>
      <Extensions>h;hh;hpp;hxx;hm;inl;inc;xsd</Extensions>
    </Filter>
    <Filter Include="Resource Files">
      <UniqueIdentifier>{67DA6AB6-F800-4c08-8B7A-83BB121AAD01}</UniqueIdentifier>
      <Extensions>rc;ico;cur;bmp;dlg;rc2;rct;bin;rgs;gif;jpg;jpeg;jpe;resx;tiff;tif;png;wav</Extensions>
    </Filter>
    <Filter Include="Source Files\CPlusPlusPrimer_Lippman_Moo_Lajoie">
      <UniqueIdentifier>{043a2131-e819-4c48-b085-ffecfc711ec6}</UniqueIdentifier>
    </Filter>
    <Filter Include="Source Files\CPlusPlusPrimerPlus_Prata">
      <UniqueIdentifier>{5c3f2bd6-f1c8-43f4-86f3-de9681f08744}</UniqueIdentifier>
    </Filter>
    <Filter Include="Source Files\CPlusPlusPrimerPlus_Prata\chapter_5">
      <UniqueIdentifier>{8be848b0-bd9d-4068-9e4a-c2dfeb02bb76}</UniqueIdentifier>
    </Filter>
    <Filter Include="Source Files\CPlusPlusPrimerPlus_Prata\chapter_6">
      <UniqueIdentifier>{3a0c679e-935c-428f-9b14-56a899d29128}</UniqueIdentifier>
    </Filter>
    <Filter Include="Source Files\CPlusPlusPrimer_Lippman_Moo_Lajoie\chapter_5">
      <UniqueIdentifier>{b8c03c8e-e061-4504-bed7-1743339b31f1}</UniqueIdentifier>
    </Filter>
  </ItemGroup>
  <ItemGroup>
    <ClCompile Include="cplusplusprimer_lippman_moo_lajoie\ch_4.cpp">
      <Filter>Source Files\CPlusPlusPrimer_Lippman_Moo_Lajoie</Filter>
    </ClCompile>
    <ClCompile Include="cplusplusprimer_lippman_moo_lajoie\ch_3.cpp">
      <Filter>Source Files\CPlusPlusPrimer_Lippman_Moo_Lajoie</Filter>
    </ClCompile>
    <ClCompile Include="cplusplusprimer_lippman_moo_lajoie\ch_3.cpp">
      <Filter>Source Files</Filter>
    </ClCompile>
    <ClCompile Include="cplusplusprimer_lippman_moo_lajoie\ch_4.cpp">
      <Filter>Source Files</Filter>
    </ClCompile>
    <ClCompile Include="CPlusPlusPrimer_Lippman_Moo_Lajoie\ch_3.cpp">
      <Filter>Source Files</Filter>
    </ClCompile>
    <ClCompile Include="CPlusPlusPrimer_Lippman_Moo_Lajoie\ch_4.cpp">
      <Filter>Source Files</Filter>
    </ClCompile>
    <ClCompile Include="CPlusPlusPrimer_Lippman_Moo_Lajoie\ch_3.cpp">
      <Filter>Source Files</Filter>
    </ClCompile>
    <ClCompile Include="CPlusPlusPrimer_Lippman_Moo_Lajoie\ch_4.cpp">
      <Filter>Source Files</Filter>
    </ClCompile>
    <ClCompile Include="CPlusPlusPrimer_Lippman_Moo_Lajoie\ch_3.cpp">
      <Filter>Source Files</Filter>
    </ClCompile>
    <ClCompile Include="CPlusPlusPrimer_Lippman_Moo_Lajoie\ch_4.cpp">
      <Filter>Source Files</Filter>
    </ClCompile>
    <ClCompile Include="CPlusPlusPrimer_Lippman_Moo_Lajoie\ch_3.cpp">
      <Filter>Source Files</Filter>
    </ClCompile>
    <ClCompile Include="CPlusPlusPrimer_Lippman_Moo_Lajoie\ch_4.cpp">
      <Filter>Source Files</Filter>
    </ClCompile>
    <ClCompile Include="CPlusPlusPrimer_Lippman_Moo_Lajoie\ch_3.cpp">
      <Filter>Source Files</Filter>
    </ClCompile>
    <ClCompile Include="CPlusPlusPrimer_Lippman_Moo_Lajoie\ch_4.cpp">
      <Filter>Source Files</Filter>
    </ClCompile>
    <ClCompile Include="CPlusPlusPrimer_Lippman_Moo_Lajoie\ch_3.cpp">
      <Filter>Source Files</Filter>
    </ClCompile>
    <ClCompile Include="CPlusPlusPrimer_Lippman_Moo_Lajoie\ch_4.cpp">
      <Filter>Source Files</Filter>
    </ClCompile>
    <ClCompile Include="CPlusPlusPrimer_Lippman_Moo_Lajoie\ch_3.cpp">
      <Filter>Source Files</Filter>
    </ClCompile>
    <ClCompile Include="CPlusPlusPrimer_Lippman_Moo_Lajoie\ch_4.cpp">
      <Filter>Source Files</Filter>
    </ClCompile>
    <ClCompile Include="CPlusPlusPrimer_Lippman_Moo_Lajoie\ch_3.cpp">
      <Filter>Source Files</Filter>
    </ClCompile>
    <ClCompile Include="CPlusPlusPrimer_Lippman_Moo_Lajoie\ch_4.cpp">
      <Filter>Source Files</Filter>
    </ClCompile>
    <ClCompile Include="CPlusPlusPrimer_Lippman_Moo_Lajoie\ch_3.cpp">
      <Filter>Source Files</Filter>
    </ClCompile>
    <ClCompile Include="CPlusPlusPrimer_Lippman_Moo_Lajoie\ch_4.cpp">
      <Filter>Source Files</Filter>
    </ClCompile>
    <ClCompile Include="ex_6_5.cpp">
      <Filter>Source Files\CPlusPlusPrimerPlus_Prata\chapter_6</Filter>
    </ClCompile>
  </ItemGroup>
  <ItemGroup>
    <ClInclude Include="resource.h">
      <Filter>Header Files</Filter>
    </ClInclude>
  </ItemGroup>
</Project>