<?xml version="1.0" encoding="utf-8"?>
<Project ToolsVersion="4.0" xmlns="http://schemas.microsoft.com/developer/msbuild/2003">
  <ItemGroup>
    <Filter Include="Source Files">
      <UniqueIdentifier>{4FC737F1-C7A5-4376-A066-2A32D752A2FF}</UniqueIdentifier>
      <Extensions>cpp;c;cc;cxx;def;odl;idl;hpj;bat;asm;asmx</Extensions>
    </Filter>
    <Filter Include="Header Files">
      <UniqueIdentifier>{93995380-89BD-4b04-88EB-625FBE52EBFB}</UniqueIdentifier>
      <Extensions>h;hh;hpp;hxx;hm;inl;inc;xsd</Extensions>
    </Filter>
    <Filter Include="Resource Files">
      <UniqueIdentifier>{67DA6AB6-F800-4c08-8B7A-83BB121AAD01}</UniqueIdentifier>
      <Extensions>rc;ico;cur;bmp;dlg;rc2;rct;bin;rgs;gif;jpg;jpeg;jpe;resx;tiff;tif;png;wav</Extensions>
    </Filter>
    <Filter Include="Source Files\CPlusPlusPrimer_Lippman_Moo_Lajoie">
      <UniqueIdentifier>{043a2131-e819-4c48-b085-ffecfc711ec6}</UniqueIdentifier>
    </Filter>
    <Filter Include="Source Files\CPlusPlusPrimerPlus_Prata">
      <UniqueIdentifier>{5c3f2bd6-f1c8-43f4-86f3-de9681f08744}</UniqueIdentifier>
    </Filter>
    <Filter Include="Source Files\CPlusPlusPrimerPlus_Prata\chapter_5">
      <UniqueIdentifier>{8be848b0-bd9d-4068-9e4a-c2dfeb02bb76}</UniqueIdentifier>
    </Filter>
    <Filter Include="Source Files\CPlusPlusPrimerPlus_Prata\chapter_6">
      <UniqueIdentifier>{3a0c679e-935c-428f-9b14-56a899d29128}</UniqueIdentifier>
    </Filter>
    <Filter Include="Source Files\CPlusPlusPrimer_Lippman_Moo_Lajoie\chapter_5">
      <UniqueIdentifier>{b8c03c8e-e061-4504-bed7-1743339b31f1}</UniqueIdentifier>
    </Filter>
    <Filter Include="Source Files\CPlusPlusPrimerPlus_Prata\chapter_7">
      <UniqueIdentifier>{f1bd22bc-28bf-4e4d-8dc2-39279c80457d}</UniqueIdentifier>
    </Filter>
    <Filter Include="Source Files\CPlusPlusPrimerPlus_Prata\chapter_8">
      <UniqueIdentifier>{4abb5b82-57b0-4e2f-ad4f-8d70ca56c70b}</UniqueIdentifier>
    </Filter>
    <Filter Include="Source Files\CPlusPlusPrimerPlus_Prata\chapter_9">
      <UniqueIdentifier>{298ab9c2-35f0-4c55-8852-b2ecf80863e1}</UniqueIdentifier>
    </Filter>
    <Filter Include="Source Files\CPlusPlusPrimerPlus_Prata\chapter_10">
      <UniqueIdentifier>{519da655-1f9d-4cd0-8e7c-1c884293d4e4}</UniqueIdentifier>
    </Filter>
    <Filter Include="Source Files\CPlusPlusPrimerPlus_Prata\chapter_11">
      <UniqueIdentifier>{a2c17fe1-80bd-4094-8591-d227cb99d2c8}</UniqueIdentifier>
    </Filter>
    <Filter Include="Source Files\CPlusPlusPrimerPlus_Prata\chapter_12">
      <UniqueIdentifier>{b9f9b14e-7ed7-40b3-83e7-aadd27fe9027}</UniqueIdentifier>
    </Filter>
    <Filter Include="Source Files\CPlusPlusPrimer_Lippman_Moo_Lajoie\chapter_6">
      <UniqueIdentifier>{923bfa1a-ecc8-4192-8bb6-82ca8e436f8e}</UniqueIdentifier>
    </Filter>
    <Filter Include="Source Files\CPlusPlusPrimer_Lippman_Moo_Lajoie\chapter_7">
      <UniqueIdentifier>{f5a58a53-0764-4d21-840b-a7adf6261a13}</UniqueIdentifier>
    </Filter>
    <Filter Include="Source Files\CPlusPlusPrimer_Lippman_Moo_Lajoie\person">
      <UniqueIdentifier>{0a53393a-6f1e-4c58-909d-2619f6cdf9dc}</UniqueIdentifier>
    </Filter>
    <Filter Include="Source Files\CPlusPlusPrimer_Lippman_Moo_Lajoie\chapter_8">
      <UniqueIdentifier>{e00771d7-d64f-4009-905b-855c58e8009b}</UniqueIdentifier>
    </Filter>
    <Filter Include="Source Files\CPlusPlusPrimer_Lippman_Moo_Lajoie\chapter_9">
      <UniqueIdentifier>{11620168-b2ea-469f-a0c8-e906f26ed754}</UniqueIdentifier>
    </Filter>
    <Filter Include="Source Files\CPlusPlusPrimer_Lippman_Moo_Lajoie\chapter_10">
      <UniqueIdentifier>{09949878-4801-4bad-ab4a-9882f664401a}</UniqueIdentifier>
    </Filter>
  </ItemGroup>
  <ItemGroup>
    <ClCompile Include="CPlusPlusPrimer_Lippman_Moo_Lajoie\ch_3.cpp">
      <Filter>Source Files</Filter>
    </ClCompile>
    <ClCompile Include="CPlusPlusPrimer_Lippman_Moo_Lajoie\ch_4.cpp">
      <Filter>Source Files</Filter>
    </ClCompile>
    <ClCompile Include="CPlusPlusPrimer_Lippman_Moo_Lajoie\ch_3.cpp">
      <Filter>Source Files</Filter>
    </ClCompile>
    <ClCompile Include="CPlusPlusPrimer_Lippman_Moo_Lajoie\ch_4.cpp">
      <Filter>Source Files</Filter>
    </ClCompile>
    <ClCompile Include="CPlusPlusPrimer_Lippman_Moo_Lajoie\ch_3.cpp">
      <Filter>Source Files</Filter>
    </ClCompile>
    <ClCompile Include="CPlusPlusPrimer_Lippman_Moo_Lajoie\ch_4.cpp">
      <Filter>Source Files</Filter>
    </ClCompile>
    <ClCompile Include="CPlusPlusPrimer_Lippman_Moo_Lajoie\ch_3.cpp">
      <Filter>Source Files</Filter>
    </ClCompile>
    <ClCompile Include="CPlusPlusPrimer_Lippman_Moo_Lajoie\ch_4.cpp">
      <Filter>Source Files</Filter>
    </ClCompile>
    <ClCompile Include="CPlusPlusPrimer_Lippman_Moo_Lajoie\ch_3.cpp">
      <Filter>Source Files</Filter>
    </ClCompile>
    <ClCompile Include="CPlusPlusPrimer_Lippman_Moo_Lajoie\ch_4.cpp">
      <Filter>Source Files</Filter>
    </ClCompile>
    <ClCompile Include="CPlusPlusPrimer_Lippman_Moo_Lajoie\ch_3.cpp">
      <Filter>Source Files</Filter>
    </ClCompile>
    <ClCompile Include="CPlusPlusPrimer_Lippman_Moo_Lajoie\ch_4.cpp">
      <Filter>Source Files</Filter>
    </ClCompile>
    <ClCompile Include="CPlusPlusPrimer_Lippman_Moo_Lajoie\ch_3.cpp">
      <Filter>Source Files</Filter>
    </ClCompile>
    <ClCompile Include="CPlusPlusPrimer_Lippman_Moo_Lajoie\ch_4.cpp">
      <Filter>Source Files</Filter>
    </ClCompile>
    <ClCompile Include="CPlusPlusPrimer_Lippman_Moo_Lajoie\ch_3.cpp">
      <Filter>Source Files</Filter>
    </ClCompile>
    <ClCompile Include="CPlusPlusPrimer_Lippman_Moo_Lajoie\ch_4.cpp">
      <Filter>Source Files</Filter>
    </ClCompile>
    <ClCompile Include="CPlusPlusPrimer_Lippman_Moo_Lajoie\ch_3.cpp">
      <Filter>Source Files</Filter>
    </ClCompile>
    <ClCompile Include="CPlusPlusPrimer_Lippman_Moo_Lajoie\ch_4.cpp">
      <Filter>Source Files</Filter>
    </ClCompile>
    <ClCompile Include="CPlusPlusPrimer_Lippman_Moo_Lajoie\ch_3.cpp">
      <Filter>Source Files</Filter>
    </ClCompile>
    <ClCompile Include="CPlusPlusPrimer_Lippman_Moo_Lajoie\ch_4.cpp">
      <Filter>Source Files</Filter>
    </ClCompile>
    <ClCompile Include="CPlusPlusPrimer_Lippman_Moo_Lajoie\ch_3.cpp">
      <Filter>Source Files</Filter>
    </ClCompile>
    <ClCompile Include="CPlusPlusPrimer_Lippman_Moo_Lajoie\ch_4.cpp">
      <Filter>Source Files</Filter>
    </ClCompile>
    <ClCompile Include="CPlusPlusPrimer_Lippman_Moo_Lajoie\ch_3.cpp">
      <Filter>Source Files</Filter>
    </ClCompile>
    <ClCompile Include="CPlusPlusPrimer_Lippman_Moo_Lajoie\ch_4.cpp">
      <Filter>Source Files</Filter>
    </ClCompile>
    <ClCompile Include="CPlusPlusPrimer_Lippman_Moo_Lajoie\ch_3.cpp">
      <Filter>Source Files</Filter>
    </ClCompile>
    <ClCompile Include="CPlusPlusPrimer_Lippman_Moo_Lajoie\ch_4.cpp">
      <Filter>Source Files</Filter>
    </ClCompile>
    <ClCompile Include="CPlusPlusPrimer_Lippman_Moo_Lajoie\ch_3.cpp">
      <Filter>Source Files</Filter>
    </ClCompile>
    <ClCompile Include="CPlusPlusPrimer_Lippman_Moo_Lajoie\ch_4.cpp">
      <Filter>Source Files</Filter>
    </ClCompile>
    <ClCompile Include="CPlusPlusPrimer_Lippman_Moo_Lajoie\ch_3.cpp">
      <Filter>Source Files</Filter>
    </ClCompile>
    <ClCompile Include="CPlusPlusPrimer_Lippman_Moo_Lajoie\ch_4.cpp">
      <Filter>Source Files</Filter>
    </ClCompile>
    <ClCompile Include="CPlusPlusPrimer_Lippman_Moo_Lajoie\ch_3.cpp">
      <Filter>Source Files</Filter>
    </ClCompile>
    <ClCompile Include="CPlusPlusPrimer_Lippman_Moo_Lajoie\ch_4.cpp">
      <Filter>Source Files</Filter>
    </ClCompile>
    <ClCompile Include="CPlusPlusPrimer_Lippman_Moo_Lajoie\chapter_10\10_3_2\ex_10_17.cpp">
      <Filter>Source Files\CPlusPlusPrimer_Lippman_Moo_Lajoie\chapter_10</Filter>
    </ClCompile>
    <ClCompile Include="CPlusPlusPrimer_Lippman_Moo_Lajoie\chapter_10\10_3_2\sales_data.cpp">
      <Filter>Source Files</Filter>
    </ClCompile>
  </ItemGroup>
  <ItemGroup>
    <ClInclude Include="CPlusPlusPrimer_Lippman_Moo_Lajoie\chapter_10\10_3_2\sales_data.h">
      <Filter>Header Files</Filter>
    </ClInclude>
  </ItemGroup>
</Project>